
Microsoft Visual Studio Solution File, Format Version 12.00
# Visual Studio Version 17
VisualStudioVersion = 17.4.33213.308
MinimumVisualStudioVersion = 10.0.40219.1
Project("{FAE04EC0-301F-11D3-BF4B-00C04F79EFBC}") = "Commitments", "Commitments\Commitments.csproj", "{230332CF-34CC-4733-B733-F151C6D2180E}"
EndProject
Global
	GlobalSection(SolutionConfigurationPlatforms) = preSolution
		Debug|Any CPU = Debug|Any CPU
		Release|Any CPU = Release|Any CPU
	EndGlobalSection
	GlobalSection(ProjectConfigurationPlatforms) = postSolution
		{230332CF-34CC-4733-B733-F151C6D2180E}.Debug|Any CPU.ActiveCfg = Debug|Any CPU
		{230332CF-34CC-4733-B733-F151C6D2180E}.Debug|Any CPU.Build.0 = Debug|Any CPU
		{230332CF-34CC-4733-B733-F151C6D2180E}.Release|Any CPU.ActiveCfg = Release|Any CPU
		{230332CF-34CC-4733-B733-F151C6D2180E}.Release|Any CPU.Build.0 = Release|Any CPU
	EndGlobalSection
	GlobalSection(SolutionProperties) = preSolution
		HideSolutionNode = FALSE
	EndGlobalSection
	GlobalSection(ExtensibilityGlobals) = postSolution
		SolutionGuid = {3A682D2B-AF7E-4FEA-9888-72245981153D}
	EndGlobalSection
EndGlobal
